
Microsoft Visual Studio Solution File, Format Version 12.00
# Visual Studio Version 16
VisualStudioVersion = 16.0.32228.343
MinimumVisualStudioVersion = 10.0.40219.1
Project("{9A19103F-16F7-4668-BE54-9A1E7A4F7556}") = "DIO.Series", "DIO.Series.csproj", "{21453C42-EBD0-43C3-997B-DBEFF3D79B7F}"
EndProject
Global
	GlobalSection(SolutionConfigurationPlatforms) = preSolution
		Debug|Any CPU = Debug|Any CPU
		Release|Any CPU = Release|Any CPU
	EndGlobalSection
	GlobalSection(ProjectConfigurationPlatforms) = postSolution
		{21453C42-EBD0-43C3-997B-DBEFF3D79B7F}.Debug|Any CPU.ActiveCfg = Debug|Any CPU
		{21453C42-EBD0-43C3-997B-DBEFF3D79B7F}.Debug|Any CPU.Build.0 = Debug|Any CPU
		{21453C42-EBD0-43C3-997B-DBEFF3D79B7F}.Release|Any CPU.ActiveCfg = Release|Any CPU
		{21453C42-EBD0-43C3-997B-DBEFF3D79B7F}.Release|Any CPU.Build.0 = Release|Any CPU
	EndGlobalSection
	GlobalSection(SolutionProperties) = preSolution
		HideSolutionNode = FALSE
	EndGlobalSection
	GlobalSection(ExtensibilityGlobals) = postSolution
		SolutionGuid = {6CCD22FD-25F1-4A84-AB1B-C23A53BA8765}
	EndGlobalSection
EndGlobal
